{
  "nodes": {
    "nixCats": {
      "locked": {
        "lastModified": 1744871007,
        "narHash": "sha256-RbMC6LcwoQIRrGhBNlcT816URyRWTiRvF/QZJPOj9N4=",
        "owner": "BirdeeHub",
        "repo": "nixCats-nvim",
        "rev": "c03cf9366ea64f4ea2e1be793770fb5fce11750e",
        "type": "github"
      },
      "original": {
        "owner": "BirdeeHub",
        "repo": "nixCats-nvim",
        "type": "github"
      }
    },
    "nixpkgs": {
      "locked": {
        "lastModified": 1744536153,
        "narHash": "sha256-awS2zRgF4uTwrOKwwiJcByDzDOdo3Q1rPZbiHQg/N38=",
        "owner": "nixos",
        "repo": "nixpkgs",
        "rev": "18dd725c29603f582cf1900e0d25f9f1063dbf11",
        "type": "github"
      },
      "original": {
        "owner": "nixos",
        "ref": "nixpkgs-unstable",
        "repo": "nixpkgs",
        "type": "github"
      }
    },
    "root": {
      "inputs": {
        "nixCats": "nixCats",
        "nixpkgs": "nixpkgs"
      }
    }
  },
  "root": "root",
  "version": 7
}
