{
  "nodes": {
    "nixCats": {
      "locked": {
        "lastModified": 1743913390,
        "narHash": "sha256-06Tm3BrrusOvaTLOlt/q06E7RfrUmxsARhvahS7MnV8=",
        "owner": "BirdeeHub",
        "repo": "nixCats-nvim",
        "rev": "11b695d48e66a4ab6ea9515be05d38419a105dba",
        "type": "github"
      },
      "original": {
        "owner": "BirdeeHub",
        "repo": "nixCats-nvim",
        "type": "github"
      }
    },
    "nixpkgs": {
      "locked": {
        "lastModified": 1743814133,
        "narHash": "sha256-drDyYyUmjeYGiHmwB9eOPTQRjmrq3Yz26knwmMPLZFk=",
        "owner": "nixos",
        "repo": "nixpkgs",
        "rev": "250b695f41e0e2f5afbf15c6b12480de1fe0001b",
        "type": "github"
      },
      "original": {
        "owner": "nixos",
        "ref": "nixpkgs-unstable",
        "repo": "nixpkgs",
        "type": "github"
      }
    },
    "root": {
      "inputs": {
        "nixCats": "nixCats",
        "nixpkgs": "nixpkgs"
      }
    }
  },
  "root": "root",
  "version": 7
}
